// !$*UTF8*$!
{
	archiveVersion = 1;
	classes = {
	};
	objectVersion = 50;
	objects = {

/* Begin PBXBuildFile section */
		DB8BEBDF23EBDAC700010CB6 /* AppDelegate.swift in Sources */ = {isa = PBXBuildFile; fileRef = DB8BEBDE23EBDAC700010CB6 /* AppDelegate.swift */; };
		DB8BEBE123EBDAC700010CB6 /* SceneDelegate.swift in Sources */ = {isa = PBXBuildFile; fileRef = DB8BEBE023EBDAC700010CB6 /* SceneDelegate.swift */; };
		DB8BEBE323EBDAC700010CB6 /* ViewController.swift in Sources */ = {isa = PBXBuildFile; fileRef = DB8BEBE223EBDAC700010CB6 /* ViewController.swift */; };
		DB8BEBE623EBDAC700010CB6 /* Main.storyboard in Resources */ = {isa = PBXBuildFile; fileRef = DB8BEBE423EBDAC700010CB6 /* Main.storyboard */; };
		DB8BEBE923EBDAC700010CB6 /* Tic_Tac_Toe.xcdatamodeld in Sources */ = {isa = PBXBuildFile; fileRef = DB8BEBE723EBDAC700010CB6 /* Tic_Tac_Toe.xcdatamodeld */; };
		DB8BEBEB23EBDAC900010CB6 /* Assets.xcassets in Resources */ = {isa = PBXBuildFile; fileRef = DB8BEBEA23EBDAC900010CB6 /* Assets.xcassets */; };
		DB8BEBEE23EBDAC900010CB6 /* LaunchScreen.storyboard in Resources */ = {isa = PBXBuildFile; fileRef = DB8BEBEC23EBDAC900010CB6 /* LaunchScreen.storyboard */; };
		DB8BEBF923EBDAC900010CB6 /* Tic_Tac_ToeTests.swift in Sources */ = {isa = PBXBuildFile; fileRef = DB8BEBF823EBDAC900010CB6 /* Tic_Tac_ToeTests.swift */; };
		DB8BEC0423EBDAC900010CB6 /* Tic_Tac_ToeUITests.swift in Sources */ = {isa = PBXBuildFile; fileRef = DB8BEC0323EBDAC900010CB6 /* Tic_Tac_ToeUITests.swift */; };
/* End PBXBuildFile section */

/* Begin PBXContainerItemProxy section */
		DB8BEBF523EBDAC900010CB6 /* PBXContainerItemProxy */ = {
			isa = PBXContainerItemProxy;
			containerPortal = DB8BEBD323EBDAC700010CB6 /* Project object */;
			proxyType = 1;
			remoteGlobalIDString = DB8BEBDA23EBDAC700010CB6;
			remoteInfo = "Tic Tac Toe";
		};
		DB8BEC0023EBDAC900010CB6 /* PBXContainerItemProxy */ = {
			isa = PBXContainerItemProxy;
			containerPortal = DB8BEBD323EBDAC700010CB6 /* Project object */;
			proxyType = 1;
			remoteGlobalIDString = DB8BEBDA23EBDAC700010CB6;
			remoteInfo = "Tic Tac Toe";
		};
/* End PBXContainerItemProxy section */

/* Begin PBXFileReference section */
		DB8BEBDB23EBDAC700010CB6 /* Tic Tac Toe.app */ = {isa = PBXFileReference; explicitFileType = wrapper.application; includeInIndex = 0; path = "Tic Tac Toe.app"; sourceTree = BUILT_PRODUCTS_DIR; };
		DB8BEBDE23EBDAC700010CB6 /* AppDelegate.swift */ = {isa = PBXFileReference; lastKnownFileType = sourcecode.swift; path = AppDelegate.swift; sourceTree = "<group>"; };
		DB8BEBE023EBDAC700010CB6 /* SceneDelegate.swift */ = {isa = PBXFileReference; lastKnownFileType = sourcecode.swift; path = SceneDelegate.swift; sourceTree = "<group>"; };
		DB8BEBE223EBDAC700010CB6 /* ViewController.swift */ = {isa = PBXFileReference; lastKnownFileType = sourcecode.swift; path = ViewController.swift; sourceTree = "<group>"; };
		DB8BEBE523EBDAC700010CB6 /* Base */ = {isa = PBXFileReference; lastKnownFileType = file.storyboard; name = Base; path = Base.lproj/Main.storyboard; sourceTree = "<group>"; };
		DB8BEBE823EBDAC700010CB6 /* Tic_Tac_Toe.xcdatamodel */ = {isa = PBXFileReference; lastKnownFileType = wrapper.xcdatamodel; path = Tic_Tac_Toe.xcdatamodel; sourceTree = "<group>"; };
		DB8BEBEA23EBDAC900010CB6 /* Assets.xcassets */ = {isa = PBXFileReference; lastKnownFileType = folder.assetcatalog; path = Assets.xcassets; sourceTree = "<group>"; };
		DB8BEBED23EBDAC900010CB6 /* Base */ = {isa = PBXFileReference; lastKnownFileType = file.storyboard; name = Base; path = Base.lproj/LaunchScreen.storyboard; sourceTree = "<group>"; };
		DB8BEBEF23EBDAC900010CB6 /* Info.plist */ = {isa = PBXFileReference; lastKnownFileType = text.plist.xml; path = Info.plist; sourceTree = "<group>"; };
		DB8BEBF423EBDAC900010CB6 /* Tic Tac ToeTests.xctest */ = {isa = PBXFileReference; explicitFileType = wrapper.cfbundle; includeInIndex = 0; path = "Tic Tac ToeTests.xctest"; sourceTree = BUILT_PRODUCTS_DIR; };
		DB8BEBF823EBDAC900010CB6 /* Tic_Tac_ToeTests.swift */ = {isa = PBXFileReference; lastKnownFileType = sourcecode.swift; path = Tic_Tac_ToeTests.swift; sourceTree = "<group>"; };
		DB8BEBFA23EBDAC900010CB6 /* Info.plist */ = {isa = PBXFileReference; lastKnownFileType = text.plist.xml; path = Info.plist; sourceTree = "<group>"; };
		DB8BEBFF23EBDAC900010CB6 /* Tic Tac ToeUITests.xctest */ = {isa = PBXFileReference; explicitFileType = wrapper.cfbundle; includeInIndex = 0; path = "Tic Tac ToeUITests.xctest"; sourceTree = BUILT_PRODUCTS_DIR; };
		DB8BEC0323EBDAC900010CB6 /* Tic_Tac_ToeUITests.swift */ = {isa = PBXFileReference; lastKnownFileType = sourcecode.swift; path = Tic_Tac_ToeUITests.swift; sourceTree = "<group>"; };
		DB8BEC0523EBDAC900010CB6 /* Info.plist */ = {isa = PBXFileReference; lastKnownFileType = text.plist.xml; path = Info.plist; sourceTree = "<group>"; };
/* End PBXFileReference section */

/* Begin PBXFrameworksBuildPhase section */
		DB8BEBD823EBDAC700010CB6 /* Frameworks */ = {
			isa = PBXFrameworksBuildPhase;
			buildActionMask = 2147483647;
			files = (
			);
			runOnlyForDeploymentPostprocessing = 0;
		};
		DB8BEBF123EBDAC900010CB6 /* Frameworks */ = {
			isa = PBXFrameworksBuildPhase;
			buildActionMask = 2147483647;
			files = (
			);
			runOnlyForDeploymentPostprocessing = 0;
		};
		DB8BEBFC23EBDAC900010CB6 /* Frameworks */ = {
			isa = PBXFrameworksBuildPhase;
			buildActionMask = 2147483647;
			files = (
			);
			runOnlyForDeploymentPostprocessing = 0;
		};
/* End PBXFrameworksBuildPhase section */

/* Begin PBXGroup section */
		DB8BEBD223EBDAC700010CB6 = {
			isa = PBXGroup;
			children = (
				DB8BEBDD23EBDAC700010CB6 /* Tic Tac Toe */,
				DB8BEBF723EBDAC900010CB6 /* Tic Tac ToeTests */,
				DB8BEC0223EBDAC900010CB6 /* Tic Tac ToeUITests */,
				DB8BEBDC23EBDAC700010CB6 /* Products */,
			);
			sourceTree = "<group>";
		};
		DB8BEBDC23EBDAC700010CB6 /* Products */ = {
			isa = PBXGroup;
			children = (
				DB8BEBDB23EBDAC700010CB6 /* Tic Tac Toe.app */,
				DB8BEBF423EBDAC900010CB6 /* Tic Tac ToeTests.xctest */,
				DB8BEBFF23EBDAC900010CB6 /* Tic Tac ToeUITests.xctest */,
			);
			name = Products;
			sourceTree = "<group>";
		};
		DB8BEBDD23EBDAC700010CB6 /* Tic Tac Toe */ = {
			isa = PBXGroup;
			children = (
				DB8BEBDE23EBDAC700010CB6 /* AppDelegate.swift */,
				DB8BEBE023EBDAC700010CB6 /* SceneDelegate.swift */,
				DB8BEBE223EBDAC700010CB6 /* ViewController.swift */,
				DB8BEBE423EBDAC700010CB6 /* Main.storyboard */,
				DB8BEBEA23EBDAC900010CB6 /* Assets.xcassets */,
				DB8BEBEC23EBDAC900010CB6 /* LaunchScreen.storyboard */,
				DB8BEBEF23EBDAC900010CB6 /* Info.plist */,
				DB8BEBE723EBDAC700010CB6 /* Tic_Tac_Toe.xcdatamodeld */,
			);
			path = "Tic Tac Toe";
			sourceTree = "<group>";
		};
		DB8BEBF723EBDAC900010CB6 /* Tic Tac ToeTests */ = {
			isa = PBXGroup;
			children = (
				DB8BEBF823EBDAC900010CB6 /* Tic_Tac_ToeTests.swift */,
				DB8BEBFA23EBDAC900010CB6 /* Info.plist */,
			);
			path = "Tic Tac ToeTests";
			sourceTree = "<group>";
		};
		DB8BEC0223EBDAC900010CB6 /* Tic Tac ToeUITests */ = {
			isa = PBXGroup;
			children = (
				DB8BEC0323EBDAC900010CB6 /* Tic_Tac_ToeUITests.swift */,
				DB8BEC0523EBDAC900010CB6 /* Info.plist */,
			);
			path = "Tic Tac ToeUITests";
			sourceTree = "<group>";
		};
/* End PBXGroup section */

/* Begin PBXNativeTarget section */
		DB8BEBDA23EBDAC700010CB6 /* Tic Tac Toe */ = {
			isa = PBXNativeTarget;
			buildConfigurationList = DB8BEC0823EBDAC900010CB6 /* Build configuration list for PBXNativeTarget "Tic Tac Toe" */;
			buildPhases = (
				DB8BEBD723EBDAC700010CB6 /* Sources */,
				DB8BEBD823EBDAC700010CB6 /* Frameworks */,
				DB8BEBD923EBDAC700010CB6 /* Resources */,
			);
			buildRules = (
			);
			dependencies = (
			);
			name = "Tic Tac Toe";
			productName = "Tic Tac Toe";
			productReference = DB8BEBDB23EBDAC700010CB6 /* Tic Tac Toe.app */;
			productType = "com.apple.product-type.application";
		};
		DB8BEBF323EBDAC900010CB6 /* Tic Tac ToeTests */ = {
			isa = PBXNativeTarget;
			buildConfigurationList = DB8BEC0B23EBDAC900010CB6 /* Build configuration list for PBXNativeTarget "Tic Tac ToeTests" */;
			buildPhases = (
				DB8BEBF023EBDAC900010CB6 /* Sources */,
				DB8BEBF123EBDAC900010CB6 /* Frameworks */,
				DB8BEBF223EBDAC900010CB6 /* Resources */,
			);
			buildRules = (
			);
			dependencies = (
				DB8BEBF623EBDAC900010CB6 /* PBXTargetDependency */,
			);
			name = "Tic Tac ToeTests";
			productName = "Tic Tac ToeTests";
			productReference = DB8BEBF423EBDAC900010CB6 /* Tic Tac ToeTests.xctest */;
			productType = "com.apple.product-type.bundle.unit-test";
		};
		DB8BEBFE23EBDAC900010CB6 /* Tic Tac ToeUITests */ = {
			isa = PBXNativeTarget;
			buildConfigurationList = DB8BEC0E23EBDAC900010CB6 /* Build configuration list for PBXNativeTarget "Tic Tac ToeUITests" */;
			buildPhases = (
				DB8BEBFB23EBDAC900010CB6 /* Sources */,
				DB8BEBFC23EBDAC900010CB6 /* Frameworks */,
				DB8BEBFD23EBDAC900010CB6 /* Resources */,
			);
			buildRules = (
			);
			dependencies = (
				DB8BEC0123EBDAC900010CB6 /* PBXTargetDependency */,
			);
			name = "Tic Tac ToeUITests";
			productName = "Tic Tac ToeUITests";
			productReference = DB8BEBFF23EBDAC900010CB6 /* Tic Tac ToeUITests.xctest */;
			productType = "com.apple.product-type.bundle.ui-testing";
		};
/* End PBXNativeTarget section */

/* Begin PBXProject section */
		DB8BEBD323EBDAC700010CB6 /* Project object */ = {
			isa = PBXProject;
			attributes = {
				LastSwiftUpdateCheck = 1120;
				LastUpgradeCheck = 1120;
				ORGANIZATIONNAME = "iim jobs";
				TargetAttributes = {
					DB8BEBDA23EBDAC700010CB6 = {
						CreatedOnToolsVersion = 11.2.1;
					};
					DB8BEBF323EBDAC900010CB6 = {
						CreatedOnToolsVersion = 11.2.1;
						TestTargetID = DB8BEBDA23EBDAC700010CB6;
					};
					DB8BEBFE23EBDAC900010CB6 = {
						CreatedOnToolsVersion = 11.2.1;
						TestTargetID = DB8BEBDA23EBDAC700010CB6;
					};
				};
			};
			buildConfigurationList = DB8BEBD623EBDAC700010CB6 /* Build configuration list for PBXProject "Tic Tac Toe" */;
			compatibilityVersion = "Xcode 9.3";
			developmentRegion = en;
			hasScannedForEncodings = 0;
			knownRegions = (
				en,
				Base,
			);
			mainGroup = DB8BEBD223EBDAC700010CB6;
			productRefGroup = DB8BEBDC23EBDAC700010CB6 /* Products */;
			projectDirPath = "";
			projectRoot = "";
			targets = (
				DB8BEBDA23EBDAC700010CB6 /* Tic Tac Toe */,
				DB8BEBF323EBDAC900010CB6 /* Tic Tac ToeTests */,
				DB8BEBFE23EBDAC900010CB6 /* Tic Tac ToeUITests */,
			);
		};
/* End PBXProject section */

/* Begin PBXResourcesBuildPhase section */
		DB8BEBD923EBDAC700010CB6 /* Resources */ = {
			isa = PBXResourcesBuildPhase;
			buildActionMask = 2147483647;
			files = (
				DB8BEBEE23EBDAC900010CB6 /* LaunchScreen.storyboard in Resources */,
				DB8BEBEB23EBDAC900010CB6 /* Assets.xcassets in Resources */,
				DB8BEBE623EBDAC700010CB6 /* Main.storyboard in Resources */,
			);
			runOnlyForDeploymentPostprocessing = 0;
		};
		DB8BEBF223EBDAC900010CB6 /* Resources */ = {
			isa = PBXResourcesBuildPhase;
			buildActionMask = 2147483647;
			files = (
			);
			runOnlyForDeploymentPostprocessing = 0;
		};
		DB8BEBFD23EBDAC900010CB6 /* Resources */ = {
			isa = PBXResourcesBuildPhase;
			buildActionMask = 2147483647;
			files = (
			);
			runOnlyForDeploymentPostprocessing = 0;
		};
/* End PBXResourcesBuildPhase section */

/* Begin PBXSourcesBuildPhase section */
		DB8BEBD723EBDAC700010CB6 /* Sources */ = {
			isa = PBXSourcesBuildPhase;
			buildActionMask = 2147483647;
			files = (
				DB8BEBE323EBDAC700010CB6 /* ViewController.swift in Sources */,
				DB8BEBDF23EBDAC700010CB6 /* AppDelegate.swift in Sources */,
				DB8BEBE923EBDAC700010CB6 /* Tic_Tac_Toe.xcdatamodeld in Sources */,
				DB8BEBE123EBDAC700010CB6 /* SceneDelegate.swift in Sources */,
			);
			runOnlyForDeploymentPostprocessing = 0;
		};
		DB8BEBF023EBDAC900010CB6 /* Sources */ = {
			isa = PBXSourcesBuildPhase;
			buildActionMask = 2147483647;
			files = (
				DB8BEBF923EBDAC900010CB6 /* Tic_Tac_ToeTests.swift in Sources */,
			);
			runOnlyForDeploymentPostprocessing = 0;
		};
		DB8BEBFB23EBDAC900010CB6 /* Sources */ = {
			isa = PBXSourcesBuildPhase;
			buildActionMask = 2147483647;
			files = (
				DB8BEC0423EBDAC900010CB6 /* Tic_Tac_ToeUITests.swift in Sources */,
			);
			runOnlyForDeploymentPostprocessing = 0;
		};
/* End PBXSourcesBuildPhase section */

/* Begin PBXTargetDependency section */
		DB8BEBF623EBDAC900010CB6 /* PBXTargetDependency */ = {
			isa = PBXTargetDependency;
			target = DB8BEBDA23EBDAC700010CB6 /* Tic Tac Toe */;
			targetProxy = DB8BEBF523EBDAC900010CB6 /* PBXContainerItemProxy */;
		};
		DB8BEC0123EBDAC900010CB6 /* PBXTargetDependency */ = {
			isa = PBXTargetDependency;
			target = DB8BEBDA23EBDAC700010CB6 /* Tic Tac Toe */;
			targetProxy = DB8BEC0023EBDAC900010CB6 /* PBXContainerItemProxy */;
		};
/* End PBXTargetDependency section */

/* Begin PBXVariantGroup section */
		DB8BEBE423EBDAC700010CB6 /* Main.storyboard */ = {
			isa = PBXVariantGroup;
			children = (
				DB8BEBE523EBDAC700010CB6 /* Base */,
			);
			name = Main.storyboard;
			sourceTree = "<group>";
		};
		DB8BEBEC23EBDAC900010CB6 /* LaunchScreen.storyboard */ = {
			isa = PBXVariantGroup;
			children = (
				DB8BEBED23EBDAC900010CB6 /* Base */,
			);
			name = LaunchScreen.storyboard;
			sourceTree = "<group>";
		};
/* End PBXVariantGroup section */

/* Begin XCBuildConfiguration section */
		DB8BEC0623EBDAC900010CB6 /* Debug */ = {
			isa = XCBuildConfiguration;
			buildSettings = {
				ALWAYS_SEARCH_USER_PATHS = NO;
				CLANG_ANALYZER_NONNULL = YES;
				CLANG_ANALYZER_NUMBER_OBJECT_CONVERSION = YES_AGGRESSIVE;
				CLANG_CXX_LANGUAGE_STANDARD = "gnu++14";
				CLANG_CXX_LIBRARY = "libc++";
				CLANG_ENABLE_MODULES = YES;
				CLANG_ENABLE_OBJC_ARC = YES;
				CLANG_ENABLE_OBJC_WEAK = YES;
				CLANG_WARN_BLOCK_CAPTURE_AUTORELEASING = YES;
				CLANG_WARN_BOOL_CONVERSION = YES;
				CLANG_WARN_COMMA = YES;
				CLANG_WARN_CONSTANT_CONVERSION = YES;
				CLANG_WARN_DEPRECATED_OBJC_IMPLEMENTATIONS = YES;
				CLANG_WARN_DIRECT_OBJC_ISA_USAGE = YES_ERROR;
				CLANG_WARN_DOCUMENTATION_COMMENTS = YES;
				CLANG_WARN_EMPTY_BODY = YES;
				CLANG_WARN_ENUM_CONVERSION = YES;
				CLANG_WARN_INFINITE_RECURSION = YES;
				CLANG_WARN_INT_CONVERSION = YES;
				CLANG_WARN_NON_LITERAL_NULL_CONVERSION = YES;
				CLANG_WARN_OBJC_IMPLICIT_RETAIN_SELF = YES;
				CLANG_WARN_OBJC_LITERAL_CONVERSION = YES;
				CLANG_WARN_OBJC_ROOT_CLASS = YES_ERROR;
				CLANG_WARN_RANGE_LOOP_ANALYSIS = YES;
				CLANG_WARN_STRICT_PROTOTYPES = YES;
				CLANG_WARN_SUSPICIOUS_MOVE = YES;
				CLANG_WARN_UNGUARDED_AVAILABILITY = YES_AGGRESSIVE;
				CLANG_WARN_UNREACHABLE_CODE = YES;
				CLANG_WARN__DUPLICATE_METHOD_MATCH = YES;
				COPY_PHASE_STRIP = NO;
				DEBUG_INFORMATION_FORMAT = dwarf;
				ENABLE_STRICT_OBJC_MSGSEND = YES;
				ENABLE_TESTABILITY = YES;
				GCC_C_LANGUAGE_STANDARD = gnu11;
				GCC_DYNAMIC_NO_PIC = NO;
				GCC_NO_COMMON_BLOCKS = YES;
				GCC_OPTIMIZATION_LEVEL = 0;
				GCC_PREPROCESSOR_DEFINITIONS = (
					"DEBUG=1",
					"$(inherited)",
				);
				GCC_WARN_64_TO_32_BIT_CONVERSION = YES;
				GCC_WARN_ABOUT_RETURN_TYPE = YES_ERROR;
				GCC_WARN_UNDECLARED_SELECTOR = YES;
				GCC_WARN_UNINITIALIZED_AUTOS = YES_AGGRESSIVE;
				GCC_WARN_UNUSED_FUNCTION = YES;
				GCC_WARN_UNUSED_VARIABLE = YES;
				IPHONEOS_DEPLOYMENT_TARGET = 13.2;
				MTL_ENABLE_DEBUG_INFO = INCLUDE_SOURCE;
				MTL_FAST_MATH = YES;
				ONLY_ACTIVE_ARCH = YES;
				SDKROOT = iphoneos;
				SWIFT_ACTIVE_COMPILATION_CONDITIONS = DEBUG;
				SWIFT_OPTIMIZATION_LEVEL = "-Onone";
			};
			name = Debug;
		};
		DB8BEC0723EBDAC900010CB6 /* Release */ = {
			isa = XCBuildConfiguration;
			buildSettings = {
				ALWAYS_SEARCH_USER_PATHS = NO;
				CLANG_ANALYZER_NONNULL = YES;
				CLANG_ANALYZER_NUMBER_OBJECT_CONVERSION = YES_AGGRESSIVE;
				CLANG_CXX_LANGUAGE_STANDARD = "gnu++14";
				CLANG_CXX_LIBRARY = "libc++";
				CLANG_ENABLE_MODULES = YES;
				CLANG_ENABLE_OBJC_ARC = YES;
				CLANG_ENABLE_OBJC_WEAK = YES;
				CLANG_WARN_BLOCK_CAPTURE_AUTORELEASING = YES;
				CLANG_WARN_BOOL_CONVERSION = YES;
				CLANG_WARN_COMMA = YES;
				CLANG_WARN_CONSTANT_CONVERSION = YES;
				CLANG_WARN_DEPRECATED_OBJC_IMPLEMENTATIONS = YES;
				CLANG_WARN_DIRECT_OBJC_ISA_USAGE = YES_ERROR;
				CLANG_WARN_DOCUMENTATION_COMMENTS = YES;
				CLANG_WARN_EMPTY_BODY = YES;
				CLANG_WARN_ENUM_CONVERSION = YES;
				CLANG_WARN_INFINITE_RECURSION = YES;
				CLANG_WARN_INT_CONVERSION = YES;
				CLANG_WARN_NON_LITERAL_NULL_CONVERSION = YES;
				CLANG_WARN_OBJC_IMPLICIT_RETAIN_SELF = YES;
				CLANG_WARN_OBJC_LITERAL_CONVERSION = YES;
				CLANG_WARN_OBJC_ROOT_CLASS = YES_ERROR;
				CLANG_WARN_RANGE_LOOP_ANALYSIS = YES;
				CLANG_WARN_STRICT_PROTOTYPES = YES;
				CLANG_WARN_SUSPICIOUS_MOVE = YES;
				CLANG_WARN_UNGUARDED_AVAILABILITY = YES_AGGRESSIVE;
				CLANG_WARN_UNREACHABLE_CODE = YES;
				CLANG_WARN__DUPLICATE_METHOD_MATCH = YES;
				COPY_PHASE_STRIP = NO;
				DEBUG_INFORMATION_FORMAT = "dwarf-with-dsym";
				ENABLE_NS_ASSERTIONS = NO;
				ENABLE_STRICT_OBJC_MSGSEND = YES;
				GCC_C_LANGUAGE_STANDARD = gnu11;
				GCC_NO_COMMON_BLOCKS = YES;
				GCC_WARN_64_TO_32_BIT_CONVERSION = YES;
				GCC_WARN_ABOUT_RETURN_TYPE = YES_ERROR;
				GCC_WARN_UNDECLARED_SELECTOR = YES;
				GCC_WARN_UNINITIALIZED_AUTOS = YES_AGGRESSIVE;
				GCC_WARN_UNUSED_FUNCTION = YES;
				GCC_WARN_UNUSED_VARIABLE = YES;
				IPHONEOS_DEPLOYMENT_TARGET = 13.2;
				MTL_ENABLE_DEBUG_INFO = NO;
				MTL_FAST_MATH = YES;
				SDKROOT = iphoneos;
				SWIFT_COMPILATION_MODE = wholemodule;
				SWIFT_OPTIMIZATION_LEVEL = "-O";
				VALIDATE_PRODUCT = YES;
			};
			name = Release;
		};
		DB8BEC0923EBDAC900010CB6 /* Debug */ = {
			isa = XCBuildConfiguration;
			buildSettings = {
				ASSETCATALOG_COMPILER_APPICON_NAME = AppIcon;
				CODE_SIGN_STYLE = Automatic;
				INFOPLIST_FILE = "Tic Tac Toe/Info.plist";
				LD_RUNPATH_SEARCH_PATHS = (
					"$(inherited)",
					"@executable_path/Frameworks",
				);
				PRODUCT_BUNDLE_IDENTIFIER = "com.iimjobs.com.Tic-Tac-Toe";
				PRODUCT_NAME = "$(TARGET_NAME)";
				SWIFT_VERSION = 5.0;
				TARGETED_DEVICE_FAMILY = "1,2";
			};
			name = Debug;
		};
		DB8BEC0A23EBDAC900010CB6 /* Release */ = {
			isa = XCBuildConfiguration;
			buildSettings = {
				ASSETCATALOG_COMPILER_APPICON_NAME = AppIcon;
				CODE_SIGN_STYLE = Automatic;
				INFOPLIST_FILE = "Tic Tac Toe/Info.plist";
				LD_RUNPATH_SEARCH_PATHS = (
					"$(inherited)",
					"@executable_path/Frameworks",
				);
				PRODUCT_BUNDLE_IDENTIFIER = "com.iimjobs.com.Tic-Tac-Toe";
				PRODUCT_NAME = "$(TARGET_NAME)";
				SWIFT_VERSION = 5.0;
				TARGETED_DEVICE_FAMILY = "1,2";
			};
			name = Release;
		};
		DB8BEC0C23EBDAC900010CB6 /* Debug */ = {
			isa = XCBuildConfiguration;
			buildSettings = {
				ALWAYS_EMBED_SWIFT_STANDARD_LIBRARIES = YES;
				BUNDLE_LOADER = "$(TEST_HOST)";
				CODE_SIGN_STYLE = Automatic;
				INFOPLIST_FILE = "Tic Tac ToeTests/Info.plist";
				IPHONEOS_DEPLOYMENT_TARGET = 13.2;
				LD_RUNPATH_SEARCH_PATHS = (
					"$(inherited)",
					"@executable_path/Frameworks",
					"@loader_path/Frameworks",
				);
				PRODUCT_BUNDLE_IDENTIFIER = "com.iimjobs.com.Tic-Tac-ToeTests";
				PRODUCT_NAME = "$(TARGET_NAME)";
				SWIFT_VERSION = 5.0;
				TARGETED_DEVICE_FAMILY = "1,2";
				TEST_HOST = "$(BUILT_PRODUCTS_DIR)/Tic Tac Toe.app/Tic Tac Toe";
			};
			name = Debug;
		};
		DB8BEC0D23EBDAC900010CB6 /* Release */ = {
			isa = XCBuildConfiguration;
			buildSettings = {
				ALWAYS_EMBED_SWIFT_STANDARD_LIBRARIES = YES;
				BUNDLE_LOADER = "$(TEST_HOST)";
				CODE_SIGN_STYLE = Automatic;
				INFOPLIST_FILE = "Tic Tac ToeTests/Info.plist";
				IPHONEOS_DEPLOYMENT_TARGET = 13.2;
				LD_RUNPATH_SEARCH_PATHS = (
					"$(inherited)",
					"@executable_path/Frameworks",
					"@loader_path/Frameworks",
				);
				PRODUCT_BUNDLE_IDENTIFIER = "com.iimjobs.com.Tic-Tac-ToeTests";
				PRODUCT_NAME = "$(TARGET_NAME)";
				SWIFT_VERSION = 5.0;
				TARGETED_DEVICE_FAMILY = "1,2";
				TEST_HOST = "$(BUILT_PRODUCTS_DIR)/Tic Tac Toe.app/Tic Tac Toe";
			};
			name = Release;
		};
		DB8BEC0F23EBDAC900010CB6 /* Debug */ = {
			isa = XCBuildConfiguration;
			buildSettings = {
				ALWAYS_EMBED_SWIFT_STANDARD_LIBRARIES = YES;
				CODE_SIGN_STYLE = Automatic;
				INFOPLIST_FILE = "Tic Tac ToeUITests/Info.plist";
				LD_RUNPATH_SEARCH_PATHS = (
					"$(inherited)",
					"@executable_path/Frameworks",
					"@loader_path/Frameworks",
				);
				PRODUCT_BUNDLE_IDENTIFIER = "com.iimjobs.com.Tic-Tac-ToeUITests";
				PRODUCT_NAME = "$(TARGET_NAME)";
				SWIFT_VERSION = 5.0;
				TARGETED_DEVICE_FAMILY = "1,2";
				TEST_TARGET_NAME = "Tic Tac Toe";
			};
			name = Debug;
		};
		DB8BEC1023EBDAC900010CB6 /* Release */ = {
			isa = XCBuildConfiguration;
			buildSettings = {
				ALWAYS_EMBED_SWIFT_STANDARD_LIBRARIES = YES;
				CODE_SIGN_STYLE = Automatic;
				INFOPLIST_FILE = "Tic Tac ToeUITests/Info.plist";
				LD_RUNPATH_SEARCH_PATHS = (
					"$(inherited)",
					"@executable_path/Frameworks",
					"@loader_path/Frameworks",
				);
				PRODUCT_BUNDLE_IDENTIFIER = "com.iimjobs.com.Tic-Tac-ToeUITests";
				PRODUCT_NAME = "$(TARGET_NAME)";
				SWIFT_VERSION = 5.0;
				TARGETED_DEVICE_FAMILY = "1,2";
				TEST_TARGET_NAME = "Tic Tac Toe";
			};
			name = Release;
		};
/* End XCBuildConfiguration section */

/* Begin XCConfigurationList section */
		DB8BEBD623EBDAC700010CB6 /* Build configuration list for PBXProject "Tic Tac Toe" */ = {
			isa = XCConfigurationList;
			buildConfigurations = (
				DB8BEC0623EBDAC900010CB6 /* Debug */,
				DB8BEC0723EBDAC900010CB6 /* Release */,
			);
			defaultConfigurationIsVisible = 0;
			defaultConfigurationName = Release;
		};
		DB8BEC0823EBDAC900010CB6 /* Build configuration list for PBXNativeTarget "Tic Tac Toe" */ = {
			isa = XCConfigurationList;
			buildConfigurations = (
				DB8BEC0923EBDAC900010CB6 /* Debug */,
				DB8BEC0A23EBDAC900010CB6 /* Release */,
			);
			defaultConfigurationIsVisible = 0;
			defaultConfigurationName = Release;
		};
		DB8BEC0B23EBDAC900010CB6 /* Build configuration list for PBXNativeTarget "Tic Tac ToeTests" */ = {
			isa = XCConfigurationList;
			buildConfigurations = (
				DB8BEC0C23EBDAC900010CB6 /* Debug */,
				DB8BEC0D23EBDAC900010CB6 /* Release */,
			);
			defaultConfigurationIsVisible = 0;
			defaultConfigurationName = Release;
		};
		DB8BEC0E23EBDAC900010CB6 /* Build configuration list for PBXNativeTarget "Tic Tac ToeUITests" */ = {
			isa = XCConfigurationList;
			buildConfigurations = (
				DB8BEC0F23EBDAC900010CB6 /* Debug */,
				DB8BEC1023EBDAC900010CB6 /* Release */,
			);
			defaultConfigurationIsVisible = 0;
			defaultConfigurationName = Release;
		};
/* End XCConfigurationList section */

/* Begin XCVersionGroup section */
		DB8BEBE723EBDAC700010CB6 /* Tic_Tac_Toe.xcdatamodeld */ = {
			isa = XCVersionGroup;
			children = (
				DB8BEBE823EBDAC700010CB6 /* Tic_Tac_Toe.xcdatamodel */,
			);
			currentVersion = DB8BEBE823EBDAC700010CB6 /* Tic_Tac_Toe.xcdatamodel */;
			path = Tic_Tac_Toe.xcdatamodeld;
			sourceTree = "<group>";
			versionGroupType = wrapper.xcdatamodel;
		};
/* End XCVersionGroup section */
	};
	rootObject = DB8BEBD323EBDAC700010CB6 /* Project object */;
}
